// !$*UTF8*$!
{
	archiveVersion = 1;
	classes = {
	};
	objectVersion = 50;
	objects = {

/* Begin PBXBuildFile section */
		1BD0B2DB23EB638F0059BDAB /* NotificationManager.swift in Sources */ = {isa = PBXBuildFile; fileRef = 1BD0B2DA23EB638F0059BDAB /* NotificationManager.swift */; };
		1BF90C3223E332CF00FE76BA /* AppDelegate.swift in Sources */ = {isa = PBXBuildFile; fileRef = 1BF90C3123E332CF00FE76BA /* AppDelegate.swift */; };
		1BF90C3423E332CF00FE76BA /* SceneDelegate.swift in Sources */ = {isa = PBXBuildFile; fileRef = 1BF90C3323E332CF00FE76BA /* SceneDelegate.swift */; };
		1BF90C3923E332CF00FE76BA /* Main.storyboard in Resources */ = {isa = PBXBuildFile; fileRef = 1BF90C3723E332CF00FE76BA /* Main.storyboard */; };
		1BF90C3B23E332D000FE76BA /* Assets.xcassets in Resources */ = {isa = PBXBuildFile; fileRef = 1BF90C3A23E332D000FE76BA /* Assets.xcassets */; };
		1BF90C3E23E332D000FE76BA /* LaunchScreen.storyboard in Resources */ = {isa = PBXBuildFile; fileRef = 1BF90C3C23E332D000FE76BA /* LaunchScreen.storyboard */; };
		1BF90C4623E33EFC00FE76BA /* ReminderListTableViewController.swift in Sources */ = {isa = PBXBuildFile; fileRef = 1BF90C4523E33EFC00FE76BA /* ReminderListTableViewController.swift */; };
		1BF90C4823E33F1200FE76BA /* SearchLocationViewController.swift in Sources */ = {isa = PBXBuildFile; fileRef = 1BF90C4723E33F1200FE76BA /* SearchLocationViewController.swift */; };
		1BF90C4A23E33F2300FE76BA /* DetailReminderViewController.swift in Sources */ = {isa = PBXBuildFile; fileRef = 1BF90C4923E33F2300FE76BA /* DetailReminderViewController.swift */; };
		1BF90C5323E342C200FE76BA /* Reminder.xcdatamodeld in Sources */ = {isa = PBXBuildFile; fileRef = 1BF90C5123E342C200FE76BA /* Reminder.xcdatamodeld */; };
		1BF90C5523E3435000FE76BA /* CoreDataStack.swift in Sources */ = {isa = PBXBuildFile; fileRef = 1BF90C5423E3435000FE76BA /* CoreDataStack.swift */; };
		1BF90C5723E3438000FE76BA /* Reminder+Convenience.swift in Sources */ = {isa = PBXBuildFile; fileRef = 1BF90C5623E3438000FE76BA /* Reminder+Convenience.swift */; };
		1BF90C5923E344FE00FE76BA /* ReminderController.swift in Sources */ = {isa = PBXBuildFile; fileRef = 1BF90C5823E344FE00FE76BA /* ReminderController.swift */; };
/* End PBXBuildFile section */

/* Begin PBXFileReference section */
		1BD0B2DA23EB638F0059BDAB /* NotificationManager.swift */ = {isa = PBXFileReference; lastKnownFileType = sourcecode.swift; path = NotificationManager.swift; sourceTree = "<group>"; };
		1BF90C2E23E332CF00FE76BA /* ReminderApp.app */ = {isa = PBXFileReference; explicitFileType = wrapper.application; includeInIndex = 0; path = ReminderApp.app; sourceTree = BUILT_PRODUCTS_DIR; };
		1BF90C3123E332CF00FE76BA /* AppDelegate.swift */ = {isa = PBXFileReference; lastKnownFileType = sourcecode.swift; path = AppDelegate.swift; sourceTree = "<group>"; };
		1BF90C3323E332CF00FE76BA /* SceneDelegate.swift */ = {isa = PBXFileReference; lastKnownFileType = sourcecode.swift; path = SceneDelegate.swift; sourceTree = "<group>"; };
		1BF90C3823E332CF00FE76BA /* Base */ = {isa = PBXFileReference; lastKnownFileType = file.storyboard; name = Base; path = Base.lproj/Main.storyboard; sourceTree = "<group>"; };
		1BF90C3A23E332D000FE76BA /* Assets.xcassets */ = {isa = PBXFileReference; lastKnownFileType = folder.assetcatalog; path = Assets.xcassets; sourceTree = "<group>"; };
		1BF90C3D23E332D000FE76BA /* Base */ = {isa = PBXFileReference; lastKnownFileType = file.storyboard; name = Base; path = Base.lproj/LaunchScreen.storyboard; sourceTree = "<group>"; };
		1BF90C3F23E332D000FE76BA /* Info.plist */ = {isa = PBXFileReference; lastKnownFileType = text.plist.xml; path = Info.plist; sourceTree = "<group>"; };
		1BF90C4523E33EFC00FE76BA /* ReminderListTableViewController.swift */ = {isa = PBXFileReference; lastKnownFileType = sourcecode.swift; path = ReminderListTableViewController.swift; sourceTree = "<group>"; };
		1BF90C4723E33F1200FE76BA /* SearchLocationViewController.swift */ = {isa = PBXFileReference; lastKnownFileType = sourcecode.swift; path = SearchLocationViewController.swift; sourceTree = "<group>"; };
		1BF90C4923E33F2300FE76BA /* DetailReminderViewController.swift */ = {isa = PBXFileReference; lastKnownFileType = sourcecode.swift; path = DetailReminderViewController.swift; sourceTree = "<group>"; };
		1BF90C5223E342C200FE76BA /* Reminder.xcdatamodel */ = {isa = PBXFileReference; lastKnownFileType = wrapper.xcdatamodel; path = Reminder.xcdatamodel; sourceTree = "<group>"; };
		1BF90C5423E3435000FE76BA /* CoreDataStack.swift */ = {isa = PBXFileReference; lastKnownFileType = sourcecode.swift; path = CoreDataStack.swift; sourceTree = "<group>"; };
		1BF90C5623E3438000FE76BA /* Reminder+Convenience.swift */ = {isa = PBXFileReference; lastKnownFileType = sourcecode.swift; path = "Reminder+Convenience.swift"; sourceTree = "<group>"; };
		1BF90C5823E344FE00FE76BA /* ReminderController.swift */ = {isa = PBXFileReference; lastKnownFileType = sourcecode.swift; path = ReminderController.swift; sourceTree = "<group>"; };
/* End PBXFileReference section */

/* Begin PBXFrameworksBuildPhase section */
		1BF90C2B23E332CF00FE76BA /* Frameworks */ = {
			isa = PBXFrameworksBuildPhase;
			buildActionMask = 2147483647;
			files = (
			);
			runOnlyForDeploymentPostprocessing = 0;
		};
/* End PBXFrameworksBuildPhase section */

/* Begin PBXGroup section */
		1BF90C2523E332CF00FE76BA = {
			isa = PBXGroup;
			children = (
				1BF90C3023E332CF00FE76BA /* ReminderApp */,
				1BF90C2F23E332CF00FE76BA /* Products */,
			);
			sourceTree = "<group>";
		};
		1BF90C2F23E332CF00FE76BA /* Products */ = {
			isa = PBXGroup;
			children = (
				1BF90C2E23E332CF00FE76BA /* ReminderApp.app */,
			);
			name = Products;
			sourceTree = "<group>";
		};
		1BF90C3023E332CF00FE76BA /* ReminderApp */ = {
			isa = PBXGroup;
			children = (
				1BF90C4C23E33F4800FE76BA /* Storyboard */,
				1BF90C4D23E33F5500FE76BA /* View Controllers */,
				1BF90C5023E33F7800FE76BA /* Views */,
				1BF90C4F23E33F6B00FE76BA /* Model Controllers */,
				1BF90C4E23E33F6400FE76BA /* Model */,
				1BF90C4B23E33F3900FE76BA /* Resources */,
			);
			path = ReminderApp;
			sourceTree = "<group>";
		};
		1BF90C4B23E33F3900FE76BA /* Resources */ = {
			isa = PBXGroup;
			children = (
				1BF90C3123E332CF00FE76BA /* AppDelegate.swift */,
				1BF90C3323E332CF00FE76BA /* SceneDelegate.swift */,
				1BF90C3A23E332D000FE76BA /* Assets.xcassets */,
				1BF90C3C23E332D000FE76BA /* LaunchScreen.storyboard */,
				1BF90C3F23E332D000FE76BA /* Info.plist */,
			);
			path = Resources;
			sourceTree = "<group>";
		};
		1BF90C4C23E33F4800FE76BA /* Storyboard */ = {
			isa = PBXGroup;
			children = (
				1BF90C3723E332CF00FE76BA /* Main.storyboard */,
			);
			path = Storyboard;
			sourceTree = "<group>";
		};
		1BF90C4D23E33F5500FE76BA /* View Controllers */ = {
			isa = PBXGroup;
			children = (
				1BF90C4523E33EFC00FE76BA /* ReminderListTableViewController.swift */,
				1BF90C4723E33F1200FE76BA /* SearchLocationViewController.swift */,
				1BF90C4923E33F2300FE76BA /* DetailReminderViewController.swift */,
			);
			path = "View Controllers";
			sourceTree = "<group>";
		};
		1BF90C4E23E33F6400FE76BA /* Model */ = {
			isa = PBXGroup;
			children = (
				1BF90C5123E342C200FE76BA /* Reminder.xcdatamodeld */,
				1BF90C5423E3435000FE76BA /* CoreDataStack.swift */,
				1BF90C5623E3438000FE76BA /* Reminder+Convenience.swift */,
			);
			path = Model;
			sourceTree = "<group>";
		};
		1BF90C4F23E33F6B00FE76BA /* Model Controllers */ = {
			isa = PBXGroup;
			children = (
				1BF90C5823E344FE00FE76BA /* ReminderController.swift */,
				1BD0B2DA23EB638F0059BDAB /* NotificationManager.swift */,
			);
			path = "Model Controllers";
			sourceTree = "<group>";
		};
		1BF90C5023E33F7800FE76BA /* Views */ = {
			isa = PBXGroup;
			children = (
			);
			path = Views;
			sourceTree = "<group>";
		};
/* End PBXGroup section */

/* Begin PBXNativeTarget section */
		1BF90C2D23E332CF00FE76BA /* ReminderApp */ = {
			isa = PBXNativeTarget;
			buildConfigurationList = 1BF90C4223E332D000FE76BA /* Build configuration list for PBXNativeTarget "ReminderApp" */;
			buildPhases = (
				1BF90C2A23E332CF00FE76BA /* Sources */,
				1BF90C2B23E332CF00FE76BA /* Frameworks */,
				1BF90C2C23E332CF00FE76BA /* Resources */,
			);
			buildRules = (
			);
			dependencies = (
			);
			name = ReminderApp;
			productName = ReminderApp;
			productReference = 1BF90C2E23E332CF00FE76BA /* ReminderApp.app */;
			productType = "com.apple.product-type.application";
		};
/* End PBXNativeTarget section */

/* Begin PBXProject section */
		1BF90C2623E332CF00FE76BA /* Project object */ = {
			isa = PBXProject;
			attributes = {
				LastSwiftUpdateCheck = 1130;
				LastUpgradeCheck = 1130;
				ORGANIZATIONNAME = "Michael Flowers";
				TargetAttributes = {
					1BF90C2D23E332CF00FE76BA = {
						CreatedOnToolsVersion = 11.3;
					};
				};
			};
			buildConfigurationList = 1BF90C2923E332CF00FE76BA /* Build configuration list for PBXProject "ReminderApp" */;
			compatibilityVersion = "Xcode 9.3";
			developmentRegion = en;
			hasScannedForEncodings = 0;
			knownRegions = (
				en,
				Base,
			);
			mainGroup = 1BF90C2523E332CF00FE76BA;
			productRefGroup = 1BF90C2F23E332CF00FE76BA /* Products */;
			projectDirPath = "";
			projectRoot = "";
			targets = (
				1BF90C2D23E332CF00FE76BA /* ReminderApp */,
			);
		};
/* End PBXProject section */

/* Begin PBXResourcesBuildPhase section */
		1BF90C2C23E332CF00FE76BA /* Resources */ = {
			isa = PBXResourcesBuildPhase;
			buildActionMask = 2147483647;
			files = (
				1BF90C3E23E332D000FE76BA /* LaunchScreen.storyboard in Resources */,
				1BF90C3B23E332D000FE76BA /* Assets.xcassets in Resources */,
				1BF90C3923E332CF00FE76BA /* Main.storyboard in Resources */,
			);
			runOnlyForDeploymentPostprocessing = 0;
		};
/* End PBXResourcesBuildPhase section */

/* Begin PBXSourcesBuildPhase section */
		1BF90C2A23E332CF00FE76BA /* Sources */ = {
			isa = PBXSourcesBuildPhase;
			buildActionMask = 2147483647;
			files = (
				1BF90C5523E3435000FE76BA /* CoreDataStack.swift in Sources */,
				1BF90C4A23E33F2300FE76BA /* DetailReminderViewController.swift in Sources */,
				1BD0B2DB23EB638F0059BDAB /* NotificationManager.swift in Sources */,
				1BF90C4623E33EFC00FE76BA /* ReminderListTableViewController.swift in Sources */,
				1BF90C5723E3438000FE76BA /* Reminder+Convenience.swift in Sources */,
				1BF90C4823E33F1200FE76BA /* SearchLocationViewController.swift in Sources */,
				1BF90C5923E344FE00FE76BA /* ReminderController.swift in Sources */,
				1BF90C3223E332CF00FE76BA /* AppDelegate.swift in Sources */,
				1BF90C3423E332CF00FE76BA /* SceneDelegate.swift in Sources */,
				1BF90C5323E342C200FE76BA /* Reminder.xcdatamodeld in Sources */,
			);
			runOnlyForDeploymentPostprocessing = 0;
		};
/* End PBXSourcesBuildPhase section */

/* Begin PBXVariantGroup section */
		1BF90C3723E332CF00FE76BA /* Main.storyboard */ = {
			isa = PBXVariantGroup;
			children = (
				1BF90C3823E332CF00FE76BA /* Base */,
			);
			name = Main.storyboard;
			sourceTree = "<group>";
		};
		1BF90C3C23E332D000FE76BA /* LaunchScreen.storyboard */ = {
			isa = PBXVariantGroup;
			children = (
				1BF90C3D23E332D000FE76BA /* Base */,
			);
			name = LaunchScreen.storyboard;
			sourceTree = "<group>";
		};
/* End PBXVariantGroup section */

/* Begin XCBuildConfiguration section */
		1BF90C4023E332D000FE76BA /* Debug */ = {
			isa = XCBuildConfiguration;
			buildSettings = {
				ALWAYS_SEARCH_USER_PATHS = NO;
				CLANG_ANALYZER_NONNULL = YES;
				CLANG_ANALYZER_NUMBER_OBJECT_CONVERSION = YES_AGGRESSIVE;
				CLANG_CXX_LANGUAGE_STANDARD = "gnu++14";
				CLANG_CXX_LIBRARY = "libc++";
				CLANG_ENABLE_MODULES = YES;
				CLANG_ENABLE_OBJC_ARC = YES;
				CLANG_ENABLE_OBJC_WEAK = YES;
				CLANG_WARN_BLOCK_CAPTURE_AUTORELEASING = YES;
				CLANG_WARN_BOOL_CONVERSION = YES;
				CLANG_WARN_COMMA = YES;
				CLANG_WARN_CONSTANT_CONVERSION = YES;
				CLANG_WARN_DEPRECATED_OBJC_IMPLEMENTATIONS = YES;
				CLANG_WARN_DIRECT_OBJC_ISA_USAGE = YES_ERROR;
				CLANG_WARN_DOCUMENTATION_COMMENTS = YES;
				CLANG_WARN_EMPTY_BODY = YES;
				CLANG_WARN_ENUM_CONVERSION = YES;
				CLANG_WARN_INFINITE_RECURSION = YES;
				CLANG_WARN_INT_CONVERSION = YES;
				CLANG_WARN_NON_LITERAL_NULL_CONVERSION = YES;
				CLANG_WARN_OBJC_IMPLICIT_RETAIN_SELF = YES;
				CLANG_WARN_OBJC_LITERAL_CONVERSION = YES;
				CLANG_WARN_OBJC_ROOT_CLASS = YES_ERROR;
				CLANG_WARN_RANGE_LOOP_ANALYSIS = YES;
				CLANG_WARN_STRICT_PROTOTYPES = YES;
				CLANG_WARN_SUSPICIOUS_MOVE = YES;
				CLANG_WARN_UNGUARDED_AVAILABILITY = YES_AGGRESSIVE;
				CLANG_WARN_UNREACHABLE_CODE = YES;
				CLANG_WARN__DUPLICATE_METHOD_MATCH = YES;
				COPY_PHASE_STRIP = NO;
				DEBUG_INFORMATION_FORMAT = dwarf;
				ENABLE_STRICT_OBJC_MSGSEND = YES;
				ENABLE_TESTABILITY = YES;
				GCC_C_LANGUAGE_STANDARD = gnu11;
				GCC_DYNAMIC_NO_PIC = NO;
				GCC_NO_COMMON_BLOCKS = YES;
				GCC_OPTIMIZATION_LEVEL = 0;
				GCC_PREPROCESSOR_DEFINITIONS = (
					"DEBUG=1",
					"$(inherited)",
				);
				GCC_WARN_64_TO_32_BIT_CONVERSION = YES;
				GCC_WARN_ABOUT_RETURN_TYPE = YES_ERROR;
				GCC_WARN_UNDECLARED_SELECTOR = YES;
				GCC_WARN_UNINITIALIZED_AUTOS = YES_AGGRESSIVE;
				GCC_WARN_UNUSED_FUNCTION = YES;
				GCC_WARN_UNUSED_VARIABLE = YES;
				IPHONEOS_DEPLOYMENT_TARGET = 13.2;
				MTL_ENABLE_DEBUG_INFO = INCLUDE_SOURCE;
				MTL_FAST_MATH = YES;
				ONLY_ACTIVE_ARCH = YES;
				SDKROOT = iphoneos;
				SWIFT_ACTIVE_COMPILATION_CONDITIONS = DEBUG;
				SWIFT_OPTIMIZATION_LEVEL = "-Onone";
			};
			name = Debug;
		};
		1BF90C4123E332D000FE76BA /* Release */ = {
			isa = XCBuildConfiguration;
			buildSettings = {
				ALWAYS_SEARCH_USER_PATHS = NO;
				CLANG_ANALYZER_NONNULL = YES;
				CLANG_ANALYZER_NUMBER_OBJECT_CONVERSION = YES_AGGRESSIVE;
				CLANG_CXX_LANGUAGE_STANDARD = "gnu++14";
				CLANG_CXX_LIBRARY = "libc++";
				CLANG_ENABLE_MODULES = YES;
				CLANG_ENABLE_OBJC_ARC = YES;
				CLANG_ENABLE_OBJC_WEAK = YES;
				CLANG_WARN_BLOCK_CAPTURE_AUTORELEASING = YES;
				CLANG_WARN_BOOL_CONVERSION = YES;
				CLANG_WARN_COMMA = YES;
				CLANG_WARN_CONSTANT_CONVERSION = YES;
				CLANG_WARN_DEPRECATED_OBJC_IMPLEMENTATIONS = YES;
				CLANG_WARN_DIRECT_OBJC_ISA_USAGE = YES_ERROR;
				CLANG_WARN_DOCUMENTATION_COMMENTS = YES;
				CLANG_WARN_EMPTY_BODY = YES;
				CLANG_WARN_ENUM_CONVERSION = YES;
				CLANG_WARN_INFINITE_RECURSION = YES;
				CLANG_WARN_INT_CONVERSION = YES;
				CLANG_WARN_NON_LITERAL_NULL_CONVERSION = YES;
				CLANG_WARN_OBJC_IMPLICIT_RETAIN_SELF = YES;
				CLANG_WARN_OBJC_LITERAL_CONVERSION = YES;
				CLANG_WARN_OBJC_ROOT_CLASS = YES_ERROR;
				CLANG_WARN_RANGE_LOOP_ANALYSIS = YES;
				CLANG_WARN_STRICT_PROTOTYPES = YES;
				CLANG_WARN_SUSPICIOUS_MOVE = YES;
				CLANG_WARN_UNGUARDED_AVAILABILITY = YES_AGGRESSIVE;
				CLANG_WARN_UNREACHABLE_CODE = YES;
				CLANG_WARN__DUPLICATE_METHOD_MATCH = YES;
				COPY_PHASE_STRIP = NO;
				DEBUG_INFORMATION_FORMAT = "dwarf-with-dsym";
				ENABLE_NS_ASSERTIONS = NO;
				ENABLE_STRICT_OBJC_MSGSEND = YES;
				GCC_C_LANGUAGE_STANDARD = gnu11;
				GCC_NO_COMMON_BLOCKS = YES;
				GCC_WARN_64_TO_32_BIT_CONVERSION = YES;
				GCC_WARN_ABOUT_RETURN_TYPE = YES_ERROR;
				GCC_WARN_UNDECLARED_SELECTOR = YES;
				GCC_WARN_UNINITIALIZED_AUTOS = YES_AGGRESSIVE;
				GCC_WARN_UNUSED_FUNCTION = YES;
				GCC_WARN_UNUSED_VARIABLE = YES;
				IPHONEOS_DEPLOYMENT_TARGET = 13.2;
				MTL_ENABLE_DEBUG_INFO = NO;
				MTL_FAST_MATH = YES;
				SDKROOT = iphoneos;
				SWIFT_COMPILATION_MODE = wholemodule;
				SWIFT_OPTIMIZATION_LEVEL = "-O";
				VALIDATE_PRODUCT = YES;
			};
			name = Release;
		};
		1BF90C4323E332D000FE76BA /* Debug */ = {
			isa = XCBuildConfiguration;
			buildSettings = {
				ASSETCATALOG_COMPILER_APPICON_NAME = AppIcon;
				CODE_SIGN_STYLE = Automatic;
				DEVELOPMENT_TEAM = X4W7EQ4E4R;
				INFOPLIST_FILE = "$(SRCROOT)/ReminderApp/Resources/Info.plist";
				LD_RUNPATH_SEARCH_PATHS = (
					"$(inherited)",
					"@executable_path/Frameworks",
				);
				PRODUCT_BUNDLE_IDENTIFIER = flowers.ReminderApp;
				PRODUCT_NAME = "$(TARGET_NAME)";
				SWIFT_VERSION = 5.0;
				TARGETED_DEVICE_FAMILY = "1,2";
			};
			name = Debug;
		};
		1BF90C4423E332D000FE76BA /* Release */ = {
			isa = XCBuildConfiguration;
			buildSettings = {
				ASSETCATALOG_COMPILER_APPICON_NAME = AppIcon;
				CODE_SIGN_STYLE = Automatic;
				DEVELOPMENT_TEAM = X4W7EQ4E4R;
				INFOPLIST_FILE = "$(SRCROOT)/ReminderApp/Resources/Info.plist";
				LD_RUNPATH_SEARCH_PATHS = (
					"$(inherited)",
					"@executable_path/Frameworks",
				);
				PRODUCT_BUNDLE_IDENTIFIER = flowers.ReminderApp;
				PRODUCT_NAME = "$(TARGET_NAME)";
				SWIFT_VERSION = 5.0;
				TARGETED_DEVICE_FAMILY = "1,2";
			};
			name = Release;
		};
/* End XCBuildConfiguration section */

/* Begin XCConfigurationList section */
		1BF90C2923E332CF00FE76BA /* Build configuration list for PBXProject "ReminderApp" */ = {
			isa = XCConfigurationList;
			buildConfigurations = (
				1BF90C4023E332D000FE76BA /* Debug */,
				1BF90C4123E332D000FE76BA /* Release */,
			);
			defaultConfigurationIsVisible = 0;
			defaultConfigurationName = Release;
		};
		1BF90C4223E332D000FE76BA /* Build configuration list for PBXNativeTarget "ReminderApp" */ = {
			isa = XCConfigurationList;
			buildConfigurations = (
				1BF90C4323E332D000FE76BA /* Debug */,
				1BF90C4423E332D000FE76BA /* Release */,
			);
			defaultConfigurationIsVisible = 0;
			defaultConfigurationName = Release;
		};
/* End XCConfigurationList section */

/* Begin XCVersionGroup section */
		1BF90C5123E342C200FE76BA /* Reminder.xcdatamodeld */ = {
			isa = XCVersionGroup;
			children = (
				1BF90C5223E342C200FE76BA /* Reminder.xcdatamodel */,
			);
			currentVersion = 1BF90C5223E342C200FE76BA /* Reminder.xcdatamodel */;
			path = Reminder.xcdatamodeld;
			sourceTree = "<group>";
			versionGroupType = wrapper.xcdatamodel;
		};
/* End XCVersionGroup section */
	};
	rootObject = 1BF90C2623E332CF00FE76BA /* Project object */;
}
